# platform.lock — THE reproducibility anchor (AOSP `repo manifest -r` / west / vcstool
# --exact / Nix flake.lock model). Every source repo pinned at an EXACT SHA. `pf build`
# resolves a profile's `ref` THROUGH this file to a SHA and builds the SHA, NEVER a
# branch tip (the Yocto AUTOREV / floating-branch reproducibility trap). `pf lock`
# freezes the current checkouts into this file.
#
# SEEDING (bead tsp-1dl.1.1) — two-stage, run via `pf lock`:
#   • INTERIM (seeded=false, interim_seed=true): SHAs = tips of the declared refs at seed
#     time. DEV-ONLY / non-authoritative — dev builds resolve real SHAs; RELEASE builds are
#     refused. Permitted now (owner decision 2026-07-01) to unblock B4 (tsp-1dl.4). Re-runs
#     re-pin to current tips, so the pinned SHAs may move until the authoritative seed.
#   • AUTHORITATIVE (seeded=true): the release lock. Only valid AFTER A1 + the B2 (tsp-1dl.2)
#     hardware retest land — BOTH move the kernel SHAs; seeding before then pins phantom refs.
#   `pf lock` (preview) → `pf lock --interim` (now) → `pf lock --authoritative --i-know-b2-is-done` (post-B2).
#
# TOPOLOGY (B2/tsp-1dl.2, owner-approved 2026-06-25) — kernel SPLIT per (family, line);
# GPU stays PER-IP; bootchain consolidation DROPPED (repos kept separate):
#   kernel-tsp        -> kernel-sunxi-4.9   (branch device/a133; 4.9.191, upstream-EOL)
#   kernel-tsp-a523   -> kernel-sunxi-5.15  (branch device/a523; full owned line + `upstream` base)
#   gpu-km-tsp / gpu-km-tsp-a523            -> UNCHANGED, per-IP (PowerVR != Mali, share no code)
#   u-boot-tsp-a523 + tfa-tsp-a523          -> KEPT SEPARATE (bootchain-sunxi consolidation DROPPED; see infra-025)
# Rationale: 4.9 and 5.15 share ~zero objects, never merge, want independent rulesets; split gives
# cleaner isolation than one kernel-sunxi over two unrelated bases (named fallback, owner's call).
# B3 (tsp-1dl.3) pins the vendor-manifest commit SHA here so the group->CID map can't float.

lockfile_version = 1
seeded           = false
interim_seed     = true

# Trust root (infra-016 §C; B3/tsp-1dl.3). Pins the release pubkey INTO the reproducibility
# anchor so gate-1 (the vendor-manifest signature) can't float independently of the source
# SHAs. This IS the org release anchor (infra-060, minisign fingerprint C958F0F49AE8C528),
# content-pinned by its key line. `manifest_signing_active = false`: manifest.toml is NOT yet
# signed with it — vendor-manifest must be onboarded as a `sign` GitHub Environment repo
# (infra-060 §12; tracked by tsp-dnw). Until then gate-1 is INERT and SHA-256 (gate 3, in
# fetch-group.py + carv2-verify.sh) is the only load-bearing integrity check.
[trust]
release_pub_fingerprint = "C958F0F49AE8C528"
release_pub_key         = "RWQoxeia9PBYyeMA93KCQALv/JTDLQGFVM7VDzjGcdidk5nhUP+3iJnk"
release_pub_source      = "github.com/pocketforge-os/infra/trust/minisign.pub"
manifest_signing_active = false

[[repos]]
name = "image"
url  = "https://github.com/pocketforge-os/image.git"
ref  = "main"          # tsp-147u.8.5: +image#46 (ship pf-gfxbench — the owned ramping GPU+CPU
                       # stress benchmark — in the a133 dev-image testbin set; one-word sdl-stage
                       # copy-list addition, dev variant only) +image#43 (tsp-147u.8.2: stage
                       # iperf3 in dev-variant rootfs packages — was NOT reachable from the prior
                       # fbdd292 pin, so this bump newly carries it). Pin = image/main HEAD
                       # (the #46 merge commit); hermetic pf build proven at this exact
                       # image+libsdl3 content pre-merge (bead tsp-147u.8.5, PROOF_RC=0).
                       # Prior: tsp-ikk0.3 image#44 (a133 dev-variant: debug user → video,render,input
                       # groups, so fb0/DRM/input diagnostics run as non-root debug; one-line
                       # rootfs-config change, dev variant only).
                       # Prior: tsp-147u.13 image#42 (a133 owned-SPL assemble path —
                       # Dockerfile.pf sunxi-spl-booti branch + build-sd-image.sh --boot-chain
                       # owned-spl; ADDITIVE: consumed ONLY by the a133-owned variant's boot_proto;
                       # the shipped a133/a523 default builds are byte-identical).
                       # Prior: tsp-myp1.5 image#39 (charger-boot + fastboot splash paths — mcopies the
                       # PocketForge logo BMP into bat/battery_charge.bmp, bat/bat0.bmp, bat/low_pwr.bmp,
                       # fastbootlogo.bmp on the FAT boot-resource; fixes the white-flash on VBUS-powered
                       # boots). +image#37 (PocketForge logo as the bootlogo item in boot_package.fex —
                       # normal-boot path). Prior: tsp-myp1.2 image#38 (DEV-variant u-boot charger-
                       # shutdown-defeat hook); tsp-j31 image#30 (a523 fullmac wpa profile); tsp-ve5
                       # image#29 (a133 EGL client-API discovery); tsp-3q4 image#28 (a133 initrd cpio
                       # --reproducible); image#27 (tsp-toq); tsp-h1o image#26 (a133 WiFi self-heal
                       # watchdog); image#25 (a523 initrd repro); image#23/#24 (a523 rootfs+assemble);
                       # a133 clean-boot #18-#22.
sha  = "4185b707f736bcb3de1fb9eed16316c97da6e070"

[[repos]]
name = "kernel-sunxi-4.9"     # A133 4.9.191 line (device/a133); was kernel-tsp. 4.9 is upstream-EOL.
url  = "https://github.com/pocketforge-os/kernel-sunxi-4.9.git"
ref  = "device/a133"          # tsp-147u.16: bump ab2f2b6c -> 42a9d3ac74d9 = device/a133 tip after #13
                              # (PD22 pwm1 mux removal: frees PD22 for the OTM1289A reset line; fixes
                              # disp_sys_gpio_request(lcd_gpio_0) -EBUSY that left scanout dead / the panel
                              # a solid-blue collapse. Confirmed sharp-render by an A/B control on tsp-base:
                              # pre-fix irq=0/blank vs fixed irq=13016/60fps/sharp; EBUSY absent).
                              # Prior (ab2f2b6c, tsp-147u.13): bump ed7b3638 -> ab2f2b6c5a24 = device/a133 tip after
                              # #11 (otm1289a DSI panel driver, additive/DTB-gated) + #12 (lever-B
                              # reconcile: verbatim cherry-pick of the sunxi_clk_cold_lock_recover
                              # onto the CANONICAL device/a133 — #10 had landed on the orphaned
                              # kernel-tsp). Both merged+signed. lever-B is INERT on the vendor
                              # boot0 chain (fires only on cold PLLs = owned SPL); otm1289a is
                              # DTB-gated — so the bump is behavior-neutral for the SHIPPED vendor
                              # image and load-bearing only for the owned-SPL path (tsp-147u.13).
                              # Prior (ed7b3638, tsp-myp1.5.1.1): WORKQUEUE-DEFERRED fb0 g2d
                              # rotation + #6 xr829 HT20-only + #8 revert of the 3s-cap regression.
sha  = "42a9d3ac74d9c399b26c3b2691ccb8f22205775c"

[[repos]]
name = "kernel-sunxi-5.15"    # A523 5.15.154 line (device/a523); was kernel-tsp-a523. `upstream` branch
url  = "https://github.com/pocketforge-os/kernel-sunxi-5.15.git"   #  = AvaotaSBC base for fork-tracking.
ref  = "device/a523"
sha  = "e63004b0e9478de722571d97cd0e853194ffb9a2"

[[repos]]
name = "gpu-km-tsp"           # PowerVR DDK 1.19 (A133) — PER-IP, unchanged (NOT collapsed)
url  = "https://github.com/pocketforge-os/gpu-km-tsp.git"
ref  = "main"
sha  = "d8bd603bf1ac72161742e6218a112915933e402a"

[[repos]]
name = "gpu-km-tsp-a523"      # Mali-G57 (A523) — PER-IP, unchanged (NOT collapsed)
url  = "https://github.com/pocketforge-os/gpu-km-tsp-a523.git"
ref  = "master"
sha  = "3deecd9bf607051b567f7edb392b405b287132a6"

[[repos]]
name = "u-boot-tsp-a523"      # owned A523 U-Boot; kept separate (bootchain-sunxi consolidation DROPPED — infra-025)
url  = "https://github.com/pocketforge-os/u-boot-tsp-a523.git"
ref  = "main"                 # standardized to `main` (was `pf-main`, which no longer exists — fixed tsp-1dl.1.1)
sha  = "e195dd28d5401b5c73f70e16950081b8b2b3a031"

[[repos]]
name = "tfa-tsp-a523"         # owned A523 TF-A; kept separate (bootchain-sunxi consolidation DROPPED — infra-025)
url  = "https://github.com/pocketforge-os/tfa-tsp-a523.git"
ref  = "main"
sha  = "deaba081685170ffff0aec9f7a260ad1586840fe"

[[repos]]
name = "u-boot-tsp-a133"      # owned A133 mainline U-Boot SPL+proper (TG5040 fork of v2025.10); tsp-147u.13.
url  = "https://github.com/pocketforge-os/u-boot-tsp-a133.git"   # replaces vendor boot0 @0x20000 for the
ref  = "main"                 # owned-SPL bootchain (model=sunxi-spl-uboot). main tip = PR#4 merged (mmc0
                              # reset-settle d298d82e + CLDO3-in-SPL 421f3237 + deterministic
                              # booti-from-mmc0:4 bootcmd a0551e28). Validated to userspace on pf-node-01.
sha  = "ec2adf4c1d139ce2c0906354a26fc541490b67c6"

[[repos]]
name = "tfa-tsp-a133"         # owned A133 TF-A BL31 (mainline snapshot @a584e863 that ADDED plat/sun50i_a133);
url  = "https://github.com/pocketforge-os/tfa-tsp-a133.git"      # tsp-147u.11/.13. PLAT=sun50i_a133 targets
ref  = "main"                 # the A133 RVBAR (CPUSUBSYS 0x08100040) — brings up all 4 cores; native PSCI,
                              # no SCP, SUNXI_BL31_IN_DRAM default. Closes the vendor monitor.bin provenance
                              # gap. Validated: "Brought up 4 CPUs" on pf-node-01.
sha  = "199316464722231e1a818e0d3f927be9c0fc2798"

[[repos]]
name = "blobs"                # private; preserved vendor originals + apply-*.py + *.SHA256 (text-only after B3)
url  = "https://github.com/pocketforge-os/blobs.git"
ref  = "main"                # tsp-jet.2: +sunxi/a523/{mali,wifi-firmware} custody records (born text-only — no a523 strip debt). a133 merge-1 state unchanged; -strip (merge-2) still gated.
sha  = "02ad8b7158ae39797f2693607ea9f2e6975f9ffd"

[[repos]]
name = "vendor-manifest"      # private; group -> SHA-256 -> CID map + fetch-group.py (B3 pins this SHA)
url  = "https://github.com/pocketforge-os/vendor-manifest.git"
ref  = "main"                # tsp-jet.2: +a523 groups sunxi-a523-mali + sunxi-a523-wifi-firmware (14 blobs, traced provenance). cat-1/2 54 -> 68 distinct CIDs.
sha  = "5c3c412a47c654f2bce158886738baaef4b8d5b1"

[[repos]]
name = "libsdl3-sunxifb"      # userspace lib (not per-device)
url  = "https://github.com/pocketforge-os/libsdl3-sunxifb.git"
ref  = "main"                # tsp-147u.8.5: +libsdl3-sunxifb#9 (pf-gfxbench — owned ramping GPU+CPU stress benchmark in sdl3/test/, built by the existing SDL_TESTS=ON beside testgles2; additive, library code untouched). Prior: tsp-ve5 #5 (eglBindAPI return check); UM blob path reorg tsp/ -> sunxi/a133/ (#2).
sha  = "cd8a7a1785e1ee7d975c252c668f424b0d18852f"

[[repos]]
name = "wpa-supplicant-tsp"   # owned wpa_supplicant 2.10 fork (GREAT_SNR 25->45 roam hysteresis,
url  = "https://github.com/pocketforge-os/wpa-supplicant-tsp.git"   # tsp-urq.7). Consumed by the a133
ref  = "main"                 # image's device-gated `wpa` Dockerfile.pf stage (tsp-myp1.8.2); the
                              # a523 fullmac profile ships stock Debian wpasupplicant. Tip is source-
                              # identical to the bench-validated acc77223f732 (post-acc7722 commits
                              # are governance/workflow only).
sha  = "089aab801088a87484565d4b708c5c9df671fd9b"

# Vendor-originals CARv2 pin (B3 / tsp-1dl.3). The hermetic FETCH stage (image/build/Dockerfile.pf)
# dag-imports THIS .car and fetches each blob --offline. sha256 is ROT-DETECTION on the specific copy
# the build consumes — NOT a reproducibility gate (kubo emits CARv1; the .car is not byte-reproducible).
# The reproducibility ANCHOR is the per-blob CID+sha256 in the vendor-manifest, re-verified in-stage by
# fetch-group.py. Pinned so a build fetches a known-good .car copy.
[car]
sha256          = "ee4dee45ca46a1d494fbedff1fbd4a99469282e8e5078708f4491c07c28d16e2"
file_count      = 68
manifest_sha256 = "d36c32c6d5c04612ba2e3e9f2a5178aa6551511692f746f91c9bb85d3d8f3f8d"
# custody (3-2-1-1-0): git history (blobs a133 pre-strip; a523 born text-only, tsp-jet.2) + AWS vault (68/68
# pin-verified 2026-07-03) + mm:~/.pf-car + laptop ~/pf-carv2 (dev) + offline-cold (tsp-48j.6; refresh owed for
# the 54->68 delta — tracked in tsp-jet.2 close-out)
