# platform.lock — THE reproducibility anchor (AOSP `repo manifest -r` / west / vcstool
# --exact / Nix flake.lock model). Every source repo pinned at an EXACT SHA. `pf build`
# resolves a profile's `ref` THROUGH this file to a SHA and builds the SHA, NEVER a
# branch tip (the Yocto AUTOREV / floating-branch reproducibility trap). `pf lock`
# freezes the current checkouts into this file.
#
# SEEDING (bead tsp-1dl.1.1) — two-stage, run via `pf lock`:
#   • INTERIM (seeded=false, interim_seed=true): SHAs = tips of the declared refs at seed
#     time. DEV-ONLY / non-authoritative — dev builds resolve real SHAs; RELEASE builds are
#     refused. Permitted now (owner decision 2026-07-01) to unblock B4 (tsp-1dl.4). Re-runs
#     re-pin to current tips, so the pinned SHAs may move until the authoritative seed.
#   • AUTHORITATIVE (seeded=true): the release lock. Only valid AFTER A1 + the B2 (tsp-1dl.2)
#     hardware retest land — BOTH move the kernel SHAs; seeding before then pins phantom refs.
#   `pf lock` (preview) → `pf lock --interim` (now) → `pf lock --authoritative --i-know-b2-is-done` (post-B2).
#
# TOPOLOGY (B2/tsp-1dl.2, owner-approved 2026-06-25) — kernel SPLIT per (family, line);
# GPU stays PER-IP; bootchain consolidation DROPPED (repos kept separate):
#   kernel-tsp        -> kernel-sunxi-4.9   (branch device/a133; 4.9.191, upstream-EOL)
#   kernel-tsp-a523   -> kernel-sunxi-5.15  (branch device/a523; full owned line + `upstream` base)
#   gpu-km-tsp / gpu-km-tsp-a523            -> UNCHANGED, per-IP (PowerVR != Mali, share no code)
#   u-boot-tsp-a523 + tfa-tsp-a523          -> KEPT SEPARATE (bootchain-sunxi consolidation DROPPED; see infra-025)
# Rationale: 4.9 and 5.15 share ~zero objects, never merge, want independent rulesets; split gives
# cleaner isolation than one kernel-sunxi over two unrelated bases (named fallback, owner's call).
# B3 (tsp-1dl.3) pins the vendor-manifest commit SHA here so the group->CID map can't float.

lockfile_version = 1
seeded           = false
interim_seed     = true

# Trust root (infra-016 §C; B3/tsp-1dl.3). Pins the release pubkey INTO the reproducibility
# anchor so gate-1 (the vendor-manifest signature) can't float independently of the source
# SHAs. This IS the org release anchor (infra-060, minisign fingerprint C958F0F49AE8C528),
# content-pinned by its key line. `manifest_signing_active = false`: manifest.toml is NOT yet
# signed with it — vendor-manifest must be onboarded as a `sign` GitHub Environment repo
# (infra-060 §12; tracked by tsp-dnw). Until then gate-1 is INERT and SHA-256 (gate 3, in
# fetch-group.py + carv2-verify.sh) is the only load-bearing integrity check.
[trust]
release_pub_fingerprint = "C958F0F49AE8C528"
release_pub_key         = "RWQoxeia9PBYyeMA93KCQALv/JTDLQGFVM7VDzjGcdidk5nhUP+3iJnk"
release_pub_source      = "github.com/pocketforge-os/infra/trust/minisign.pub"
manifest_signing_active = false

[[repos]]
name = "image"
url  = "https://github.com/pocketforge-os/image.git"
ref  = "tsp-1dl.4.5"   # DEV pin to the B4.4 WIP branch (rootfs+assemble stages + PF_APT_PROXY + #6 apt-retries). Re-pins to main@<merged-sha> at co-land.
sha  = "5d8175b80b8cdc45ce6230ba49a2f7b6975204ac"

[[repos]]
name = "kernel-sunxi-4.9"     # A133 4.9.191 line (device/a133); was kernel-tsp. 4.9 is upstream-EOL.
url  = "https://github.com/pocketforge-os/kernel-sunxi-4.9.git"
ref  = "device/a133"
sha  = "a0e7b9c172a380e2df67df7ca67eaed6e6d196ec"

[[repos]]
name = "kernel-sunxi-5.15"    # A523 5.15.154 line (device/a523); was kernel-tsp-a523. `upstream` branch
url  = "https://github.com/pocketforge-os/kernel-sunxi-5.15.git"   #  = AvaotaSBC base for fork-tracking.
ref  = "device/a523"
sha  = "de920d4e495ca0e1f2aff908feda0f8de640a53e"

[[repos]]
name = "gpu-km-tsp"           # PowerVR DDK 1.19 (A133) — PER-IP, unchanged (NOT collapsed)
url  = "https://github.com/pocketforge-os/gpu-km-tsp.git"
ref  = "main"
sha  = "b60161fd727ff4eed7ac07c4a34efae47f48eac3"

[[repos]]
name = "gpu-km-tsp-a523"      # Mali-G57 (A523) — PER-IP, unchanged (NOT collapsed)
url  = "https://github.com/pocketforge-os/gpu-km-tsp-a523.git"
ref  = "master"
sha  = "3deecd9bf607051b567f7edb392b405b287132a6"

[[repos]]
name = "u-boot-tsp-a523"      # owned A523 U-Boot; kept separate (bootchain-sunxi consolidation DROPPED — infra-025)
url  = "https://github.com/pocketforge-os/u-boot-tsp-a523.git"
ref  = "main"                 # standardized to `main` (was `pf-main`, which no longer exists — fixed tsp-1dl.1.1)
sha  = "e195dd28d5401b5c73f70e16950081b8b2b3a031"

[[repos]]
name = "tfa-tsp-a523"         # owned A523 TF-A; kept separate (bootchain-sunxi consolidation DROPPED — infra-025)
url  = "https://github.com/pocketforge-os/tfa-tsp-a523.git"
ref  = "main"
sha  = "deaba081685170ffff0aec9f7a260ad1586840fe"

[[repos]]
name = "blobs"                # private; preserved vendor originals + apply-*.py + *.SHA256 (text-only after B3)
url  = "https://github.com/pocketforge-os/blobs.git"
ref  = "main"
sha  = "dabe5e77aca4f2b63182a1d232c121f9b43e031c"

[[repos]]
name = "vendor-manifest"      # private; group -> SHA-256 -> CID map + fetch-group.py (B3 pins this SHA)
url  = "https://github.com/pocketforge-os/vendor-manifest.git"
ref  = "main"
sha  = "34387ac0c3095905b3bf44f145a7dab090b6dd9d"   # B3: +family/device/soc/category + fetch-group.py + CARv2 (vendor-manifest#1)

[[repos]]
name = "libsdl3-sunxifb"      # userspace lib (not per-device)
url  = "https://github.com/pocketforge-os/libsdl3-sunxifb.git"
ref  = "main"
sha  = "c1cacb08567a626aabd6071ff7832fab28dfb7fc"
