FFMPEG_DEBIAN_VERSION='7:5.1.8-0+deb12u1'
FFMPEG_SNAPSHOT_BASE='https://snapshot.debian.org/archive/debian-security/20251210T222759Z/pool/updates/main/f/ffmpeg'
FFMPEG_DSC='ffmpeg_5.1.8-0+deb12u1.dsc'
FFMPEG_DSC_SIZE='5323'
FFMPEG_DSC_SHA256='5c84a3fb58051cb60564ca58e7ba3a91d7140f501883ba02adba5a770f508154'
FFMPEG_ORIG='ffmpeg_5.1.8.orig.tar.xz'
FFMPEG_ORIG_SIZE='10026132'
FFMPEG_ORIG_SHA256='56d4daf10c17330a45c8fe11bc260997677ca2432d3d5951dbeb5515c26028cb'
FFMPEG_ORIG_ASC='ffmpeg_5.1.8.orig.tar.xz.asc'
FFMPEG_ORIG_ASC_SIZE='520'
FFMPEG_ORIG_ASC_SHA256='ee93598ac566d1be4a80801e0a58f91ede2e6a5e9e670f681723b447f23c59d0'
FFMPEG_DEBIAN='ffmpeg_5.1.8-0+deb12u1.debian.tar.xz'
FFMPEG_DEBIAN_SIZE='53396'
FFMPEG_DEBIAN_SHA256='16f8a5bd8209f55490cb94d5f8da116c7ab800f622e9a39512921680090952e1'
FFMPEG_UPSTREAM_VERSION='5.1.8'
FFMPEG_LIBAVCODEC_VERSION='59.37.100'
FFMPEG_LIBAVUTIL_VERSION='57.28.100'
FFMPEG_LIBSWRESAMPLE_VERSION='4.7.100'
KERNEL_UAPI_REPO='kernel-sunxi-7.x'
KERNEL_UAPI_SHA='a75bf257f2ecb4d6cff7e2a921b77d24ebecbbb7'
PATCH_SERIES_SHA256='e4deeb6282ef6eeebf4a88da8c821d960f405474af3a1ba291b711dee56e90e9'
PATCH_0001_SHA256='68743290bf6ff040cbaa84ee1948299eaa714c305356098e489ea9e146a33ec4'
PATCH_0002_SHA256='b95c1eba75e451ae5bb133bfbda60f869d5e4915dcc66ca646ba53e7affff8b1'
PATCH_0003_SHA256='13ea96c0aab9b638952614a4582fa9423f5a7e92820d1ad76422a6a4807ec89f'
PATCH_0004_SHA256='872576b18d577caa2870ad7153732b86465094dbe3b5c6b4eee0644e3b392310'
PATCH_0009_SHA256='0b99e1eb228b4c0899564890e4efe0f40b10ad75ca7445bf94961f14f936b39d'
RUNTIME_ID='steamlink-ffmpeg59'
RUNTIME_REVISION='v1'
RUNTIME_RELATIVE_PATH='usr/lib/pocketforge/platform-runtimes/steamlink-ffmpeg59/v1'
